
Microsoft Visual Studio Solution File, Format Version 12.00
# Visual Studio Version 17
VisualStudioVersion = 17.9.34723.18
MinimumVisualStudioVersion = 10.0.40219.1
Project("{FAE04EC0-301F-11D3-BF4B-00C04F79EFBC}") = "RedisDemo", "RedisDemo\RedisDemo.csproj", "{77F8A62A-DE12-447A-99D5-3AF68DA32846}"
EndProject
Global
	GlobalSection(SolutionConfigurationPlatforms) = preSolution
		Debug|Any CPU = Debug|Any CPU
		Release|Any CPU = Release|Any CPU
	EndGlobalSection
	GlobalSection(ProjectConfigurationPlatforms) = postSolution
		{77F8A62A-DE12-447A-99D5-3AF68DA32846}.Debug|Any CPU.ActiveCfg = Debug|Any CPU
		{77F8A62A-DE12-447A-99D5-3AF68DA32846}.Debug|Any CPU.Build.0 = Debug|Any CPU
		{77F8A62A-DE12-447A-99D5-3AF68DA32846}.Release|Any CPU.ActiveCfg = Release|Any CPU
		{77F8A62A-DE12-447A-99D5-3AF68DA32846}.Release|Any CPU.Build.0 = Release|Any CPU
	EndGlobalSection
	GlobalSection(SolutionProperties) = preSolution
		HideSolutionNode = FALSE
	EndGlobalSection
	GlobalSection(ExtensibilityGlobals) = postSolution
		SolutionGuid = {903893CE-C65E-4057-88BC-DDFE9E7B8C5A}
	EndGlobalSection
EndGlobal
